
Microsoft Visual Studio Solution File, Format Version 12.00
# Visual Studio 14
VisualStudioVersion = 14.0.22823.1
MinimumVisualStudioVersion = 10.0.40219.1
Project("{FAE04EC0-301F-11D3-BF4B-00C04F79EFBC}") = "Core", "Core\Core.csproj", "{4A5C9483-3CA8-45B0-99DE-1E2CA52329D6}"
EndProject
Project("{FAE04EC0-301F-11D3-BF4B-00C04F79EFBC}") = "DataAccess", "DataAccess\DataAccess.csproj", "{17B3E99D-6F6A-4DBB-881F-E7E839137066}"
EndProject
Project("{FAE04EC0-301F-11D3-BF4B-00C04F79EFBC}") = "DataAccess.Interaces", "DataAccess.Interaces\DataAccess.Interaces.csproj", "{73948A3D-9E72-4BF9-A38F-8548DD6D843B}"
EndProject
Project("{FAE04EC0-301F-11D3-BF4B-00C04F79EFBC}") = "EF7Tests", "EF7Tests\EF7Tests.csproj", "{5786C4A9-9D0B-499A-B922-0070DD471A56}"
EndProject
Project("{2150E333-8FDC-42A3-9474-1A3956D46DE8}") = "Solution Items", "Solution Items", "{916594E2-16B4-4EA5-8680-F4BB59ABD0F0}"
	ProjectSection(SolutionItems) = preProject
		Requirements.txt = Requirements.txt
	EndProjectSection
EndProject
Project("{2150E333-8FDC-42A3-9474-1A3956D46DE8}") = "EntityFramework", "EntityFramework", "{0F0A09EB-2C5B-498A-A1C8-920B9E5B7601}"
EndProject
Project("{2150E333-8FDC-42A3-9474-1A3956D46DE8}") = "src", "src", "{B44CB241-6C64-4822-A722-37ECC4847A09}"
EndProject
Project("{FAE04EC0-301F-11D3-BF4B-00C04F79EFBC}") = "EntityFramework7.Commands", "..\..\EntityFramework\src\EntityFramework7.Commands\EntityFramework7.Commands.csproj", "{1583A3A8-4450-49B2-A0E2-AC5ABC7531FE}"
EndProject
Project("{FAE04EC0-301F-11D3-BF4B-00C04F79EFBC}") = "EntityFramework7.Core", "..\..\EntityFramework\src\EntityFramework7.Core\EntityFramework7.Core.csproj", "{B6E72675-FAA7-451D-B02D-2E0D960583E6}"
EndProject
Project("{FAE04EC0-301F-11D3-BF4B-00C04F79EFBC}") = "EntityFramework7.Relational", "..\..\EntityFramework\src\EntityFramework7.Relational\EntityFramework7.Relational.csproj", "{9CA149F8-5A07-4DC6-A84E-32D7FB9E3ABE}"
EndProject
Project("{FAE04EC0-301F-11D3-BF4B-00C04F79EFBC}") = "EntityFramework7.SqlServer", "..\..\EntityFramework\src\EntityFramework7.SqlServer\EntityFramework7.SqlServer.csproj", "{17204CE7-B3F9-4F56-9734-182B8D4C3531}"
EndProject
Project("{FAE04EC0-301F-11D3-BF4B-00C04F79EFBC}") = "EntityFramework7.Relational.Design", "..\..\EntityFramework\src\EntityFramework7.Relational.Design\EntityFramework7.Relational.Design.csproj", "{7028A7E3-0AD8-4606-A922-8189C8A704E0}"
EndProject
Project("{FAE04EC0-301F-11D3-BF4B-00C04F79EFBC}") = "Logging", "Logging\Logging.csproj", "{78E9ED04-9B7E-4FAA-BA51-A22E9952CFC1}"
EndProject
Global
	GlobalSection(SolutionConfigurationPlatforms) = preSolution
		Debug|Any CPU = Debug|Any CPU
		Release|Any CPU = Release|Any CPU
	EndGlobalSection
	GlobalSection(ProjectConfigurationPlatforms) = postSolution
		{4A5C9483-3CA8-45B0-99DE-1E2CA52329D6}.Debug|Any CPU.ActiveCfg = Debug|Any CPU
		{4A5C9483-3CA8-45B0-99DE-1E2CA52329D6}.Debug|Any CPU.Build.0 = Debug|Any CPU
		{4A5C9483-3CA8-45B0-99DE-1E2CA52329D6}.Release|Any CPU.ActiveCfg = Release|Any CPU
		{4A5C9483-3CA8-45B0-99DE-1E2CA52329D6}.Release|Any CPU.Build.0 = Release|Any CPU
		{17B3E99D-6F6A-4DBB-881F-E7E839137066}.Debug|Any CPU.ActiveCfg = Debug|Any CPU
		{17B3E99D-6F6A-4DBB-881F-E7E839137066}.Debug|Any CPU.Build.0 = Debug|Any CPU
		{17B3E99D-6F6A-4DBB-881F-E7E839137066}.Release|Any CPU.ActiveCfg = Release|Any CPU
		{17B3E99D-6F6A-4DBB-881F-E7E839137066}.Release|Any CPU.Build.0 = Release|Any CPU
		{73948A3D-9E72-4BF9-A38F-8548DD6D843B}.Debug|Any CPU.ActiveCfg = Debug|Any CPU
		{73948A3D-9E72-4BF9-A38F-8548DD6D843B}.Debug|Any CPU.Build.0 = Debug|Any CPU
		{73948A3D-9E72-4BF9-A38F-8548DD6D843B}.Release|Any CPU.ActiveCfg = Release|Any CPU
		{73948A3D-9E72-4BF9-A38F-8548DD6D843B}.Release|Any CPU.Build.0 = Release|Any CPU
		{5786C4A9-9D0B-499A-B922-0070DD471A56}.Debug|Any CPU.ActiveCfg = Debug|Any CPU
		{5786C4A9-9D0B-499A-B922-0070DD471A56}.Debug|Any CPU.Build.0 = Debug|Any CPU
		{5786C4A9-9D0B-499A-B922-0070DD471A56}.Release|Any CPU.ActiveCfg = Release|Any CPU
		{5786C4A9-9D0B-499A-B922-0070DD471A56}.Release|Any CPU.Build.0 = Release|Any CPU
		{1583A3A8-4450-49B2-A0E2-AC5ABC7531FE}.Debug|Any CPU.ActiveCfg = Debug|Any CPU
		{1583A3A8-4450-49B2-A0E2-AC5ABC7531FE}.Debug|Any CPU.Build.0 = Debug|Any CPU
		{1583A3A8-4450-49B2-A0E2-AC5ABC7531FE}.Release|Any CPU.ActiveCfg = Release|Any CPU
		{1583A3A8-4450-49B2-A0E2-AC5ABC7531FE}.Release|Any CPU.Build.0 = Release|Any CPU
		{B6E72675-FAA7-451D-B02D-2E0D960583E6}.Debug|Any CPU.ActiveCfg = Debug|Any CPU
		{B6E72675-FAA7-451D-B02D-2E0D960583E6}.Debug|Any CPU.Build.0 = Debug|Any CPU
		{B6E72675-FAA7-451D-B02D-2E0D960583E6}.Release|Any CPU.ActiveCfg = Release|Any CPU
		{B6E72675-FAA7-451D-B02D-2E0D960583E6}.Release|Any CPU.Build.0 = Release|Any CPU
		{9CA149F8-5A07-4DC6-A84E-32D7FB9E3ABE}.Debug|Any CPU.ActiveCfg = Debug|Any CPU
		{9CA149F8-5A07-4DC6-A84E-32D7FB9E3ABE}.Debug|Any CPU.Build.0 = Debug|Any CPU
		{9CA149F8-5A07-4DC6-A84E-32D7FB9E3ABE}.Release|Any CPU.ActiveCfg = Release|Any CPU
		{9CA149F8-5A07-4DC6-A84E-32D7FB9E3ABE}.Release|Any CPU.Build.0 = Release|Any CPU
		{17204CE7-B3F9-4F56-9734-182B8D4C3531}.Debug|Any CPU.ActiveCfg = Debug|Any CPU
		{17204CE7-B3F9-4F56-9734-182B8D4C3531}.Debug|Any CPU.Build.0 = Debug|Any CPU
		{17204CE7-B3F9-4F56-9734-182B8D4C3531}.Release|Any CPU.ActiveCfg = Release|Any CPU
		{17204CE7-B3F9-4F56-9734-182B8D4C3531}.Release|Any CPU.Build.0 = Release|Any CPU
		{7028A7E3-0AD8-4606-A922-8189C8A704E0}.Debug|Any CPU.ActiveCfg = Debug|Any CPU
		{7028A7E3-0AD8-4606-A922-8189C8A704E0}.Debug|Any CPU.Build.0 = Debug|Any CPU
		{7028A7E3-0AD8-4606-A922-8189C8A704E0}.Release|Any CPU.ActiveCfg = Release|Any CPU
		{7028A7E3-0AD8-4606-A922-8189C8A704E0}.Release|Any CPU.Build.0 = Release|Any CPU
		{78E9ED04-9B7E-4FAA-BA51-A22E9952CFC1}.Debug|Any CPU.ActiveCfg = Debug|Any CPU
		{78E9ED04-9B7E-4FAA-BA51-A22E9952CFC1}.Debug|Any CPU.Build.0 = Debug|Any CPU
		{78E9ED04-9B7E-4FAA-BA51-A22E9952CFC1}.Release|Any CPU.ActiveCfg = Release|Any CPU
		{78E9ED04-9B7E-4FAA-BA51-A22E9952CFC1}.Release|Any CPU.Build.0 = Release|Any CPU
	EndGlobalSection
	GlobalSection(SolutionProperties) = preSolution
		HideSolutionNode = FALSE
	EndGlobalSection
	GlobalSection(NestedProjects) = preSolution
		{B44CB241-6C64-4822-A722-37ECC4847A09} = {0F0A09EB-2C5B-498A-A1C8-920B9E5B7601}
		{1583A3A8-4450-49B2-A0E2-AC5ABC7531FE} = {B44CB241-6C64-4822-A722-37ECC4847A09}
		{B6E72675-FAA7-451D-B02D-2E0D960583E6} = {B44CB241-6C64-4822-A722-37ECC4847A09}
		{9CA149F8-5A07-4DC6-A84E-32D7FB9E3ABE} = {B44CB241-6C64-4822-A722-37ECC4847A09}
		{17204CE7-B3F9-4F56-9734-182B8D4C3531} = {B44CB241-6C64-4822-A722-37ECC4847A09}
		{7028A7E3-0AD8-4606-A922-8189C8A704E0} = {B44CB241-6C64-4822-A722-37ECC4847A09}
	EndGlobalSection
EndGlobal
